
Microsoft Visual Studio Solution File, Format Version 12.00
# Visual Studio Version 17
VisualStudioVersion = 17.9.34622.214
MinimumVisualStudioVersion = 10.0.40219.1
Project("{FAE04EC0-301F-11D3-BF4B-00C04F79EFBC}") = "aspnetcorepostgres", "aspnetcorepostgres.csproj", "{A477B5F1-CCD1-410F-84F6-FF4EBFB951B7}"
EndProject
Global
	GlobalSection(SolutionConfigurationPlatforms) = preSolution
		Debug|Any CPU = Debug|Any CPU
		Release|Any CPU = Release|Any CPU
	EndGlobalSection
	GlobalSection(ProjectConfigurationPlatforms) = postSolution
		{A477B5F1-CCD1-410F-84F6-FF4EBFB951B7}.Debug|Any CPU.ActiveCfg = Debug|Any CPU
		{A477B5F1-CCD1-410F-84F6-FF4EBFB951B7}.Debug|Any CPU.Build.0 = Debug|Any CPU
		{A477B5F1-CCD1-410F-84F6-FF4EBFB951B7}.Release|Any CPU.ActiveCfg = Release|Any CPU
		{A477B5F1-CCD1-410F-84F6-FF4EBFB951B7}.Release|Any CPU.Build.0 = Release|Any CPU
	EndGlobalSection
	GlobalSection(SolutionProperties) = preSolution
		HideSolutionNode = FALSE
	EndGlobalSection
	GlobalSection(ExtensibilityGlobals) = postSolution
		SolutionGuid = {077CCFF5-1F88-4A9F-BC0D-D67027D3CA4F}
	EndGlobalSection
EndGlobal
